// !$*UTF8*$!
{
	archiveVersion = 1;
	classes = {
	};
	objectVersion = 51;
	objects = {

/* Begin PBXBuildFile section */
		3030054116490ECE3E0BF1EF /* Pods_scaffold.framework in Frameworks */ = {isa = PBXBuildFile; fileRef = 01155A14A4DFCBFF2CD79D37 /* Pods_scaffold.framework */; };
		4F322D8F25EF90C300C95DE6 /* AppDelegate.swift in Sources */ = {isa = PBXBuildFile; fileRef = 4F322D8E25EF90C300C95DE6 /* AppDelegate.swift */; };
		4F322D9125EF90C300C95DE6 /* SceneDelegate.swift in Sources */ = {isa = PBXBuildFile; fileRef = 4F322D9025EF90C300C95DE6 /* SceneDelegate.swift */; };
		4F322D9625EF90C300C95DE6 /* Main.storyboard in Resources */ = {isa = PBXBuildFile; fileRef = 4F322D9425EF90C300C95DE6 /* Main.storyboard */; };
		4F322D9825EF90C500C95DE6 /* Assets.xcassets in Resources */ = {isa = PBXBuildFile; fileRef = 4F322D9725EF90C500C95DE6 /* Assets.xcassets */; };
		4F322D9B25EF90C600C95DE6 /* LaunchScreen.storyboard in Resources */ = {isa = PBXBuildFile; fileRef = 4F322D9925EF90C600C95DE6 /* LaunchScreen.storyboard */; };
		4F322DAA25EF9AF800C95DE6 /* HomeViewController.swift in Sources */ = {isa = PBXBuildFile; fileRef = 4F322DA925EF9AF800C95DE6 /* HomeViewController.swift */; };
		4F322DB125EFA35400C95DE6 /* HomeViewModel.swift in Sources */ = {isa = PBXBuildFile; fileRef = 4F322DB025EFA35400C95DE6 /* HomeViewModel.swift */; };
		4F5B2C2A25EFBAD00033D98E /* EnvironmentUtils.swift in Sources */ = {isa = PBXBuildFile; fileRef = 4F5B2C2925EFBACD0033D98E /* EnvironmentUtils.swift */; };
		4F80C6AB25F11CE7001D0C5B /* R.generated.swift in Sources */ = {isa = PBXBuildFile; fileRef = 4F80C6AA25F11CE7001D0C5B /* R.generated.swift */; };
/* End PBXBuildFile section */

/* Begin PBXFileReference section */
		01155A14A4DFCBFF2CD79D37 /* Pods_scaffold.framework */ = {isa = PBXFileReference; explicitFileType = wrapper.framework; includeInIndex = 0; path = Pods_scaffold.framework; sourceTree = BUILT_PRODUCTS_DIR; };
		353EFB3D474DAB2763B06290 /* Pods-scaffold.dev-debug.xcconfig */ = {isa = PBXFileReference; includeInIndex = 1; lastKnownFileType = text.xcconfig; name = "Pods-scaffold.dev-debug.xcconfig"; path = "Target Support Files/Pods-scaffold/Pods-scaffold.dev-debug.xcconfig"; sourceTree = "<group>"; };
		4F322D8B25EF90C300C95DE6 /* scaffold.app */ = {isa = PBXFileReference; explicitFileType = wrapper.application; includeInIndex = 0; path = scaffold.app; sourceTree = BUILT_PRODUCTS_DIR; };
		4F322D8E25EF90C300C95DE6 /* AppDelegate.swift */ = {isa = PBXFileReference; lastKnownFileType = sourcecode.swift; path = AppDelegate.swift; sourceTree = "<group>"; };
		4F322D9025EF90C300C95DE6 /* SceneDelegate.swift */ = {isa = PBXFileReference; lastKnownFileType = sourcecode.swift; path = SceneDelegate.swift; sourceTree = "<group>"; };
		4F322D9525EF90C300C95DE6 /* Base */ = {isa = PBXFileReference; lastKnownFileType = file.storyboard; name = Base; path = Base.lproj/Main.storyboard; sourceTree = "<group>"; };
		4F322D9725EF90C500C95DE6 /* Assets.xcassets */ = {isa = PBXFileReference; lastKnownFileType = folder.assetcatalog; path = Assets.xcassets; sourceTree = "<group>"; };
		4F322D9A25EF90C600C95DE6 /* Base */ = {isa = PBXFileReference; lastKnownFileType = file.storyboard; name = Base; path = Base.lproj/LaunchScreen.storyboard; sourceTree = "<group>"; };
		4F322D9C25EF90C600C95DE6 /* Info.plist */ = {isa = PBXFileReference; lastKnownFileType = text.plist.xml; path = Info.plist; sourceTree = "<group>"; };
		4F322DA925EF9AF800C95DE6 /* HomeViewController.swift */ = {isa = PBXFileReference; lastKnownFileType = sourcecode.swift; path = HomeViewController.swift; sourceTree = "<group>"; };
		4F322DB025EFA35400C95DE6 /* HomeViewModel.swift */ = {isa = PBXFileReference; lastKnownFileType = sourcecode.swift; path = HomeViewModel.swift; sourceTree = "<group>"; };
		4F5B2C2225EFB9FC0033D98E /* dev.xcconfig */ = {isa = PBXFileReference; lastKnownFileType = text.xcconfig; path = dev.xcconfig; sourceTree = "<group>"; };
		4F5B2C2325EFBA120033D98E /* stage.xcconfig */ = {isa = PBXFileReference; lastKnownFileType = text.xcconfig; path = stage.xcconfig; sourceTree = "<group>"; };
		4F5B2C2425EFBA250033D98E /* prod.xcconfig */ = {isa = PBXFileReference; lastKnownFileType = text.xcconfig; path = prod.xcconfig; sourceTree = "<group>"; };
		4F5B2C2925EFBACD0033D98E /* EnvironmentUtils.swift */ = {isa = PBXFileReference; fileEncoding = 4; lastKnownFileType = sourcecode.swift; path = EnvironmentUtils.swift; sourceTree = "<group>"; };
		4F80C6AA25F11CE7001D0C5B /* R.generated.swift */ = {isa = PBXFileReference; fileEncoding = 4; lastKnownFileType = sourcecode.swift; path = R.generated.swift; sourceTree = SOURCE_ROOT; };
		53F1B91A21ECB5EBC19181D0 /* Pods-scaffold.stage-debug.xcconfig */ = {isa = PBXFileReference; includeInIndex = 1; lastKnownFileType = text.xcconfig; name = "Pods-scaffold.stage-debug.xcconfig"; path = "Target Support Files/Pods-scaffold/Pods-scaffold.stage-debug.xcconfig"; sourceTree = "<group>"; };
		7AB39AEF2EA54F51530210D5 /* Pods-scaffold.release.xcconfig */ = {isa = PBXFileReference; includeInIndex = 1; lastKnownFileType = text.xcconfig; name = "Pods-scaffold.release.xcconfig"; path = "Target Support Files/Pods-scaffold/Pods-scaffold.release.xcconfig"; sourceTree = "<group>"; };
		87F2D0DAD631DEA4C7C354E3 /* Pods-scaffold.stage-release.xcconfig */ = {isa = PBXFileReference; includeInIndex = 1; lastKnownFileType = text.xcconfig; name = "Pods-scaffold.stage-release.xcconfig"; path = "Target Support Files/Pods-scaffold/Pods-scaffold.stage-release.xcconfig"; sourceTree = "<group>"; };
		98F6AD06FD69BE6C0EAFE883 /* Pods-scaffold.dev-release.xcconfig */ = {isa = PBXFileReference; includeInIndex = 1; lastKnownFileType = text.xcconfig; name = "Pods-scaffold.dev-release.xcconfig"; path = "Target Support Files/Pods-scaffold/Pods-scaffold.dev-release.xcconfig"; sourceTree = "<group>"; };
		A79ADC9AE10567276A9404C8 /* Pods-scaffold.debug.xcconfig */ = {isa = PBXFileReference; includeInIndex = 1; lastKnownFileType = text.xcconfig; name = "Pods-scaffold.debug.xcconfig"; path = "Target Support Files/Pods-scaffold/Pods-scaffold.debug.xcconfig"; sourceTree = "<group>"; };
/* End PBXFileReference section */

/* Begin PBXFrameworksBuildPhase section */
		4F322D8825EF90C300C95DE6 /* Frameworks */ = {
			isa = PBXFrameworksBuildPhase;
			buildActionMask = 2147483647;
			files = (
				3030054116490ECE3E0BF1EF /* Pods_scaffold.framework in Frameworks */,
			);
			runOnlyForDeploymentPostprocessing = 0;
		};
/* End PBXFrameworksBuildPhase section */

/* Begin PBXGroup section */
		05A68FA224C6D45BFAD1D3DE /* Pods */ = {
			isa = PBXGroup;
			children = (
				A79ADC9AE10567276A9404C8 /* Pods-scaffold.debug.xcconfig */,
				7AB39AEF2EA54F51530210D5 /* Pods-scaffold.release.xcconfig */,
				53F1B91A21ECB5EBC19181D0 /* Pods-scaffold.stage-debug.xcconfig */,
				353EFB3D474DAB2763B06290 /* Pods-scaffold.dev-debug.xcconfig */,
				87F2D0DAD631DEA4C7C354E3 /* Pods-scaffold.stage-release.xcconfig */,
				98F6AD06FD69BE6C0EAFE883 /* Pods-scaffold.dev-release.xcconfig */,
			);
			path = Pods;
			sourceTree = "<group>";
		};
		4F322D8225EF90C300C95DE6 = {
			isa = PBXGroup;
			children = (
				4F322D8D25EF90C300C95DE6 /* scaffold */,
				4F322D8C25EF90C300C95DE6 /* Products */,
				05A68FA224C6D45BFAD1D3DE /* Pods */,
				7332C162300867C144A80A0B /* Frameworks */,
			);
			sourceTree = "<group>";
		};
		4F322D8C25EF90C300C95DE6 /* Products */ = {
			isa = PBXGroup;
			children = (
				4F322D8B25EF90C300C95DE6 /* scaffold.app */,
			);
			name = Products;
			sourceTree = "<group>";
		};
		4F322D8D25EF90C300C95DE6 /* scaffold */ = {
			isa = PBXGroup;
			children = (
				4F5B2C2825EFBAB00033D98E /* Utils */,
				4F5B2C1525EFB8A70033D98E /* Configs */,
				4F322DAD25EF9C4A00C95DE6 /* Modules */,
				4F322D8E25EF90C300C95DE6 /* AppDelegate.swift */,
				4F322D9025EF90C300C95DE6 /* SceneDelegate.swift */,
				4F322D9425EF90C300C95DE6 /* Main.storyboard */,
				4F322D9725EF90C500C95DE6 /* Assets.xcassets */,
				4F322D9925EF90C600C95DE6 /* LaunchScreen.storyboard */,
				4F322D9C25EF90C600C95DE6 /* Info.plist */,
				4F80C6AA25F11CE7001D0C5B /* R.generated.swift */,
			);
			path = scaffold;
			sourceTree = "<group>";
		};
		4F322DA825EF9AD600C95DE6 /* Home */ = {
			isa = PBXGroup;
			children = (
				4F322DAF25EF9CA700C95DE6 /* ViewModels */,
				4F322DAE25EF9C9E00C95DE6 /* Views */,
			);
			path = Home;
			sourceTree = "<group>";
		};
		4F322DAD25EF9C4A00C95DE6 /* Modules */ = {
			isa = PBXGroup;
			children = (
				4F322DA825EF9AD600C95DE6 /* Home */,
			);
			path = Modules;
			sourceTree = "<group>";
		};
		4F322DAE25EF9C9E00C95DE6 /* Views */ = {
			isa = PBXGroup;
			children = (
				4F322DA925EF9AF800C95DE6 /* HomeViewController.swift */,
			);
			path = Views;
			sourceTree = "<group>";
		};
		4F322DAF25EF9CA700C95DE6 /* ViewModels */ = {
			isa = PBXGroup;
			children = (
				4F322DB025EFA35400C95DE6 /* HomeViewModel.swift */,
			);
			path = ViewModels;
			sourceTree = "<group>";
		};
		4F5B2C1525EFB8A70033D98E /* Configs */ = {
			isa = PBXGroup;
			children = (
				4F5B2C2225EFB9FC0033D98E /* dev.xcconfig */,
				4F5B2C2325EFBA120033D98E /* stage.xcconfig */,
				4F5B2C2425EFBA250033D98E /* prod.xcconfig */,
			);
			path = Configs;
			sourceTree = "<group>";
		};
		4F5B2C2825EFBAB00033D98E /* Utils */ = {
			isa = PBXGroup;
			children = (
				4F5B2C2925EFBACD0033D98E /* EnvironmentUtils.swift */,
			);
			path = Utils;
			sourceTree = "<group>";
		};
		7332C162300867C144A80A0B /* Frameworks */ = {
			isa = PBXGroup;
			children = (
				01155A14A4DFCBFF2CD79D37 /* Pods_scaffold.framework */,
			);
			name = Frameworks;
			sourceTree = "<group>";
		};
/* End PBXGroup section */

/* Begin PBXNativeTarget section */
		4F322D8A25EF90C300C95DE6 /* scaffold */ = {
			isa = PBXNativeTarget;
			buildConfigurationList = 4F322D9F25EF90C600C95DE6 /* Build configuration list for PBXNativeTarget "scaffold" */;
			buildPhases = (
				2BEA08F312D85614A3E0756E /* [CP] Check Pods Manifest.lock */,
				4F80C6A625F11C55001D0C5B /* R.Swift */,
				4F5B2C0D25EFB5750033D98E /* SwiftLint */,
				4F322D8725EF90C300C95DE6 /* Sources */,
				4F322D8825EF90C300C95DE6 /* Frameworks */,
				4F322D8925EF90C300C95DE6 /* Resources */,
				40DB923B2BDEBD2ECC35EED5 /* [CP] Embed Pods Frameworks */,
			);
			buildRules = (
			);
			dependencies = (
			);
			name = scaffold;
			productName = scaffold;
			productReference = 4F322D8B25EF90C300C95DE6 /* scaffold.app */;
			productType = "com.apple.product-type.application";
		};
/* End PBXNativeTarget section */

/* Begin PBXProject section */
		4F322D8325EF90C300C95DE6 /* Project object */ = {
			isa = PBXProject;
			attributes = {
				LastSwiftUpdateCheck = 1240;
				LastUpgradeCheck = 1240;
				TargetAttributes = {
					4F322D8A25EF90C300C95DE6 = {
						CreatedOnToolsVersion = 12.4;
					};
				};
			};
			buildConfigurationList = 4F322D8625EF90C300C95DE6 /* Build configuration list for PBXProject "scaffold" */;
			compatibilityVersion = "Xcode 9.3";
			developmentRegion = en;
			hasScannedForEncodings = 0;
			knownRegions = (
				en,
				Base,
			);
			mainGroup = 4F322D8225EF90C300C95DE6;
			productRefGroup = 4F322D8C25EF90C300C95DE6 /* Products */;
			projectDirPath = "";
			projectRoot = "";
			targets = (
				4F322D8A25EF90C300C95DE6 /* scaffold */,
			);
		};
/* End PBXProject section */

/* Begin PBXResourcesBuildPhase section */
		4F322D8925EF90C300C95DE6 /* Resources */ = {
			isa = PBXResourcesBuildPhase;
			buildActionMask = 2147483647;
			files = (
				4F322D9B25EF90C600C95DE6 /* LaunchScreen.storyboard in Resources */,
				4F322D9825EF90C500C95DE6 /* Assets.xcassets in Resources */,
				4F322D9625EF90C300C95DE6 /* Main.storyboard in Resources */,
			);
			runOnlyForDeploymentPostprocessing = 0;
		};
/* End PBXResourcesBuildPhase section */

/* Begin PBXShellScriptBuildPhase section */
		2BEA08F312D85614A3E0756E /* [CP] Check Pods Manifest.lock */ = {
			isa = PBXShellScriptBuildPhase;
			buildActionMask = 2147483647;
			files = (
			);
			inputFileListPaths = (
			);
			inputPaths = (
				"${PODS_PODFILE_DIR_PATH}/Podfile.lock",
				"${PODS_ROOT}/Manifest.lock",
			);
			name = "[CP] Check Pods Manifest.lock";
			outputFileListPaths = (
			);
			outputPaths = (
				"$(DERIVED_FILE_DIR)/Pods-scaffold-checkManifestLockResult.txt",
			);
			runOnlyForDeploymentPostprocessing = 0;
			shellPath = /bin/sh;
			shellScript = "diff \"${PODS_PODFILE_DIR_PATH}/Podfile.lock\" \"${PODS_ROOT}/Manifest.lock\" > /dev/null\nif [ $? != 0 ] ; then\n    # print error to STDERR\n    echo \"error: The sandbox is not in sync with the Podfile.lock. Run 'pod install' or update your CocoaPods installation.\" >&2\n    exit 1\nfi\n# This output is used by Xcode 'outputs' to avoid re-running this script phase.\necho \"SUCCESS\" > \"${SCRIPT_OUTPUT_FILE_0}\"\n";
			showEnvVarsInLog = 0;
		};
		40DB923B2BDEBD2ECC35EED5 /* [CP] Embed Pods Frameworks */ = {
			isa = PBXShellScriptBuildPhase;
			buildActionMask = 2147483647;
			files = (
			);
			inputFileListPaths = (
				"${PODS_ROOT}/Target Support Files/Pods-scaffold/Pods-scaffold-frameworks-${CONFIGURATION}-input-files.xcfilelist",
			);
			name = "[CP] Embed Pods Frameworks";
			outputFileListPaths = (
				"${PODS_ROOT}/Target Support Files/Pods-scaffold/Pods-scaffold-frameworks-${CONFIGURATION}-output-files.xcfilelist",
			);
			runOnlyForDeploymentPostprocessing = 0;
			shellPath = /bin/sh;
			shellScript = "\"${PODS_ROOT}/Target Support Files/Pods-scaffold/Pods-scaffold-frameworks.sh\"\n";
			showEnvVarsInLog = 0;
		};
		4F5B2C0D25EFB5750033D98E /* SwiftLint */ = {
			isa = PBXShellScriptBuildPhase;
			buildActionMask = 2147483647;
			files = (
			);
			inputFileListPaths = (
			);
			inputPaths = (
			);
			name = SwiftLint;
			outputFileListPaths = (
			);
			outputPaths = (
			);
			runOnlyForDeploymentPostprocessing = 0;
			shellPath = /bin/sh;
			shellScript = "\"${PODS_ROOT}/SwiftLint/swiftlint\"\n";
		};
		4F80C6A625F11C55001D0C5B /* R.Swift */ = {
			isa = PBXShellScriptBuildPhase;
			buildActionMask = 2147483647;
			files = (
			);
			inputFileListPaths = (
			);
			inputPaths = (
				"$TEMP_DIR/rswift-lastrun",
			);
			name = R.Swift;
			outputFileListPaths = (
			);
			outputPaths = (
				$SRCROOT/R.generated.swift,
			);
			runOnlyForDeploymentPostprocessing = 0;
			shellPath = /bin/sh;
			shellScript = "\"$PODS_ROOT/R.swift/rswift\" generate \"$SRCROOT/R.generated.swift\"\n";
		};
/* End PBXShellScriptBuildPhase section */

/* Begin PBXSourcesBuildPhase section */
		4F322D8725EF90C300C95DE6 /* Sources */ = {
			isa = PBXSourcesBuildPhase;
			buildActionMask = 2147483647;
			files = (
				4F322D8F25EF90C300C95DE6 /* AppDelegate.swift in Sources */,
				4F5B2C2A25EFBAD00033D98E /* EnvironmentUtils.swift in Sources */,
				4F322D9125EF90C300C95DE6 /* SceneDelegate.swift in Sources */,
				4F322DAA25EF9AF800C95DE6 /* HomeViewController.swift in Sources */,
				4F322DB125EFA35400C95DE6 /* HomeViewModel.swift in Sources */,
				4F80C6AB25F11CE7001D0C5B /* R.generated.swift in Sources */,
			);
			runOnlyForDeploymentPostprocessing = 0;
		};
/* End PBXSourcesBuildPhase section */

/* Begin PBXVariantGroup section */
		4F322D9425EF90C300C95DE6 /* Main.storyboard */ = {
			isa = PBXVariantGroup;
			children = (
				4F322D9525EF90C300C95DE6 /* Base */,
			);
			name = Main.storyboard;
			sourceTree = "<group>";
		};
		4F322D9925EF90C600C95DE6 /* LaunchScreen.storyboard */ = {
			isa = PBXVariantGroup;
			children = (
				4F322D9A25EF90C600C95DE6 /* Base */,
			);
			name = LaunchScreen.storyboard;
			sourceTree = "<group>";
		};
/* End PBXVariantGroup section */

/* Begin XCBuildConfiguration section */
		4F322D9D25EF90C600C95DE6 /* Debug */ = {
			isa = XCBuildConfiguration;
			baseConfigurationReference = 4F5B2C2425EFBA250033D98E /* prod.xcconfig */;
			buildSettings = {
				ALWAYS_SEARCH_USER_PATHS = NO;
				CLANG_ANALYZER_NONNULL = YES;
				CLANG_ANALYZER_NUMBER_OBJECT_CONVERSION = YES_AGGRESSIVE;
				CLANG_CXX_LANGUAGE_STANDARD = "gnu++14";
				CLANG_CXX_LIBRARY = "libc++";
				CLANG_ENABLE_MODULES = YES;
				CLANG_ENABLE_OBJC_ARC = YES;
				CLANG_ENABLE_OBJC_WEAK = YES;
				CLANG_WARN_BLOCK_CAPTURE_AUTORELEASING = YES;
				CLANG_WARN_BOOL_CONVERSION = YES;
				CLANG_WARN_COMMA = YES;
				CLANG_WARN_CONSTANT_CONVERSION = YES;
				CLANG_WARN_DEPRECATED_OBJC_IMPLEMENTATIONS = YES;
				CLANG_WARN_DIRECT_OBJC_ISA_USAGE = YES_ERROR;
				CLANG_WARN_DOCUMENTATION_COMMENTS = YES;
				CLANG_WARN_EMPTY_BODY = YES;
				CLANG_WARN_ENUM_CONVERSION = YES;
				CLANG_WARN_INFINITE_RECURSION = YES;
				CLANG_WARN_INT_CONVERSION = YES;
				CLANG_WARN_NON_LITERAL_NULL_CONVERSION = YES;
				CLANG_WARN_OBJC_IMPLICIT_RETAIN_SELF = YES;
				CLANG_WARN_OBJC_LITERAL_CONVERSION = YES;
				CLANG_WARN_OBJC_ROOT_CLASS = YES_ERROR;
				CLANG_WARN_QUOTED_INCLUDE_IN_FRAMEWORK_HEADER = YES;
				CLANG_WARN_RANGE_LOOP_ANALYSIS = YES;
				CLANG_WARN_STRICT_PROTOTYPES = YES;
				CLANG_WARN_SUSPICIOUS_MOVE = YES;
				CLANG_WARN_UNGUARDED_AVAILABILITY = YES_AGGRESSIVE;
				CLANG_WARN_UNREACHABLE_CODE = YES;
				CLANG_WARN__DUPLICATE_METHOD_MATCH = YES;
				COPY_PHASE_STRIP = NO;
				DEBUG_INFORMATION_FORMAT = dwarf;
				ENABLE_STRICT_OBJC_MSGSEND = YES;
				ENABLE_TESTABILITY = YES;
				GCC_C_LANGUAGE_STANDARD = gnu11;
				GCC_DYNAMIC_NO_PIC = NO;
				GCC_NO_COMMON_BLOCKS = YES;
				GCC_OPTIMIZATION_LEVEL = 0;
				GCC_PREPROCESSOR_DEFINITIONS = (
					"DEBUG=1",
					"$(inherited)",
				);
				GCC_WARN_64_TO_32_BIT_CONVERSION = YES;
				GCC_WARN_ABOUT_RETURN_TYPE = YES_ERROR;
				GCC_WARN_UNDECLARED_SELECTOR = YES;
				GCC_WARN_UNINITIALIZED_AUTOS = YES_AGGRESSIVE;
				GCC_WARN_UNUSED_FUNCTION = YES;
				GCC_WARN_UNUSED_VARIABLE = YES;
				IPHONEOS_DEPLOYMENT_TARGET = 14.4;
				MTL_ENABLE_DEBUG_INFO = INCLUDE_SOURCE;
				MTL_FAST_MATH = YES;
				ONLY_ACTIVE_ARCH = YES;
				SDKROOT = iphoneos;
				SWIFT_ACTIVE_COMPILATION_CONDITIONS = DEBUG;
				SWIFT_OPTIMIZATION_LEVEL = "-Onone";
			};
			name = Debug;
		};
		4F322D9E25EF90C600C95DE6 /* Release */ = {
			isa = XCBuildConfiguration;
			baseConfigurationReference = 4F5B2C2425EFBA250033D98E /* prod.xcconfig */;
			buildSettings = {
				ALWAYS_SEARCH_USER_PATHS = NO;
				CLANG_ANALYZER_NONNULL = YES;
				CLANG_ANALYZER_NUMBER_OBJECT_CONVERSION = YES_AGGRESSIVE;
				CLANG_CXX_LANGUAGE_STANDARD = "gnu++14";
				CLANG_CXX_LIBRARY = "libc++";
				CLANG_ENABLE_MODULES = YES;
				CLANG_ENABLE_OBJC_ARC = YES;
				CLANG_ENABLE_OBJC_WEAK = YES;
				CLANG_WARN_BLOCK_CAPTURE_AUTORELEASING = YES;
				CLANG_WARN_BOOL_CONVERSION = YES;
				CLANG_WARN_COMMA = YES;
				CLANG_WARN_CONSTANT_CONVERSION = YES;
				CLANG_WARN_DEPRECATED_OBJC_IMPLEMENTATIONS = YES;
				CLANG_WARN_DIRECT_OBJC_ISA_USAGE = YES_ERROR;
				CLANG_WARN_DOCUMENTATION_COMMENTS = YES;
				CLANG_WARN_EMPTY_BODY = YES;
				CLANG_WARN_ENUM_CONVERSION = YES;
				CLANG_WARN_INFINITE_RECURSION = YES;
				CLANG_WARN_INT_CONVERSION = YES;
				CLANG_WARN_NON_LITERAL_NULL_CONVERSION = YES;
				CLANG_WARN_OBJC_IMPLICIT_RETAIN_SELF = YES;
				CLANG_WARN_OBJC_LITERAL_CONVERSION = YES;
				CLANG_WARN_OBJC_ROOT_CLASS = YES_ERROR;
				CLANG_WARN_QUOTED_INCLUDE_IN_FRAMEWORK_HEADER = YES;
				CLANG_WARN_RANGE_LOOP_ANALYSIS = YES;
				CLANG_WARN_STRICT_PROTOTYPES = YES;
				CLANG_WARN_SUSPICIOUS_MOVE = YES;
				CLANG_WARN_UNGUARDED_AVAILABILITY = YES_AGGRESSIVE;
				CLANG_WARN_UNREACHABLE_CODE = YES;
				CLANG_WARN__DUPLICATE_METHOD_MATCH = YES;
				COPY_PHASE_STRIP = NO;
				DEBUG_INFORMATION_FORMAT = "dwarf-with-dsym";
				ENABLE_NS_ASSERTIONS = NO;
				ENABLE_STRICT_OBJC_MSGSEND = YES;
				GCC_C_LANGUAGE_STANDARD = gnu11;
				GCC_NO_COMMON_BLOCKS = YES;
				GCC_WARN_64_TO_32_BIT_CONVERSION = YES;
				GCC_WARN_ABOUT_RETURN_TYPE = YES_ERROR;
				GCC_WARN_UNDECLARED_SELECTOR = YES;
				GCC_WARN_UNINITIALIZED_AUTOS = YES_AGGRESSIVE;
				GCC_WARN_UNUSED_FUNCTION = YES;
				GCC_WARN_UNUSED_VARIABLE = YES;
				IPHONEOS_DEPLOYMENT_TARGET = 14.4;
				MTL_ENABLE_DEBUG_INFO = NO;
				MTL_FAST_MATH = YES;
				SDKROOT = iphoneos;
				SWIFT_COMPILATION_MODE = wholemodule;
				SWIFT_OPTIMIZATION_LEVEL = "-O";
				VALIDATE_PRODUCT = YES;
			};
			name = Release;
		};
		4F322DA025EF90C600C95DE6 /* Debug */ = {
			isa = XCBuildConfiguration;
			baseConfigurationReference = A79ADC9AE10567276A9404C8 /* Pods-scaffold.debug.xcconfig */;
			buildSettings = {
				APP_DISPLAY_NAME = "Scaffold Live";
				ASSETCATALOG_COMPILER_APPICON_NAME = AppIcon;
				ASSETCATALOG_COMPILER_GLOBAL_ACCENT_COLOR_NAME = AccentColor;
				CODE_SIGN_STYLE = Automatic;
				INFOPLIST_FILE = scaffold/Info.plist;
				IPHONEOS_DEPLOYMENT_TARGET = 13.0;
				LD_RUNPATH_SEARCH_PATHS = (
					"$(inherited)",
					"@executable_path/Frameworks",
				);
				PRODUCT_BUNDLE_IDENTIFIER = com.solutelabs.scaffold;
				PRODUCT_NAME = "$(TARGET_NAME)";
				SWIFT_VERSION = 5.0;
				TARGETED_DEVICE_FAMILY = "1,2";
			};
			name = Debug;
		};
		4F322DA125EF90C600C95DE6 /* Release */ = {
			isa = XCBuildConfiguration;
			baseConfigurationReference = 7AB39AEF2EA54F51530210D5 /* Pods-scaffold.release.xcconfig */;
			buildSettings = {
				APP_DISPLAY_NAME = "Scaffold Live";
				ASSETCATALOG_COMPILER_APPICON_NAME = AppIcon;
				ASSETCATALOG_COMPILER_GLOBAL_ACCENT_COLOR_NAME = AccentColor;
				CODE_SIGN_STYLE = Automatic;
				INFOPLIST_FILE = scaffold/Info.plist;
				IPHONEOS_DEPLOYMENT_TARGET = 13.0;
				LD_RUNPATH_SEARCH_PATHS = (
					"$(inherited)",
					"@executable_path/Frameworks",
				);
				PRODUCT_BUNDLE_IDENTIFIER = com.solutelabs.scaffold;
				PRODUCT_NAME = "$(TARGET_NAME)";
				SWIFT_VERSION = 5.0;
				TARGETED_DEVICE_FAMILY = "1,2";
			};
			name = Release;
		};
		4F5B2C1625EFB8B30033D98E /* Dev-Debug */ = {
			isa = XCBuildConfiguration;
			baseConfigurationReference = 4F5B2C2225EFB9FC0033D98E /* dev.xcconfig */;
			buildSettings = {
				ALWAYS_SEARCH_USER_PATHS = NO;
				CLANG_ANALYZER_NONNULL = YES;
				CLANG_ANALYZER_NUMBER_OBJECT_CONVERSION = YES_AGGRESSIVE;
				CLANG_CXX_LANGUAGE_STANDARD = "gnu++14";
				CLANG_CXX_LIBRARY = "libc++";
				CLANG_ENABLE_MODULES = YES;
				CLANG_ENABLE_OBJC_ARC = YES;
				CLANG_ENABLE_OBJC_WEAK = YES;
				CLANG_WARN_BLOCK_CAPTURE_AUTORELEASING = YES;
				CLANG_WARN_BOOL_CONVERSION = YES;
				CLANG_WARN_COMMA = YES;
				CLANG_WARN_CONSTANT_CONVERSION = YES;
				CLANG_WARN_DEPRECATED_OBJC_IMPLEMENTATIONS = YES;
				CLANG_WARN_DIRECT_OBJC_ISA_USAGE = YES_ERROR;
				CLANG_WARN_DOCUMENTATION_COMMENTS = YES;
				CLANG_WARN_EMPTY_BODY = YES;
				CLANG_WARN_ENUM_CONVERSION = YES;
				CLANG_WARN_INFINITE_RECURSION = YES;
				CLANG_WARN_INT_CONVERSION = YES;
				CLANG_WARN_NON_LITERAL_NULL_CONVERSION = YES;
				CLANG_WARN_OBJC_IMPLICIT_RETAIN_SELF = YES;
				CLANG_WARN_OBJC_LITERAL_CONVERSION = YES;
				CLANG_WARN_OBJC_ROOT_CLASS = YES_ERROR;
				CLANG_WARN_QUOTED_INCLUDE_IN_FRAMEWORK_HEADER = YES;
				CLANG_WARN_RANGE_LOOP_ANALYSIS = YES;
				CLANG_WARN_STRICT_PROTOTYPES = YES;
				CLANG_WARN_SUSPICIOUS_MOVE = YES;
				CLANG_WARN_UNGUARDED_AVAILABILITY = YES_AGGRESSIVE;
				CLANG_WARN_UNREACHABLE_CODE = YES;
				CLANG_WARN__DUPLICATE_METHOD_MATCH = YES;
				COPY_PHASE_STRIP = NO;
				DEBUG_INFORMATION_FORMAT = dwarf;
				ENABLE_STRICT_OBJC_MSGSEND = YES;
				ENABLE_TESTABILITY = YES;
				GCC_C_LANGUAGE_STANDARD = gnu11;
				GCC_DYNAMIC_NO_PIC = NO;
				GCC_NO_COMMON_BLOCKS = YES;
				GCC_OPTIMIZATION_LEVEL = 0;
				GCC_PREPROCESSOR_DEFINITIONS = (
					"DEBUG=1",
					"$(inherited)",
				);
				GCC_WARN_64_TO_32_BIT_CONVERSION = YES;
				GCC_WARN_ABOUT_RETURN_TYPE = YES_ERROR;
				GCC_WARN_UNDECLARED_SELECTOR = YES;
				GCC_WARN_UNINITIALIZED_AUTOS = YES_AGGRESSIVE;
				GCC_WARN_UNUSED_FUNCTION = YES;
				GCC_WARN_UNUSED_VARIABLE = YES;
				IPHONEOS_DEPLOYMENT_TARGET = 14.4;
				MTL_ENABLE_DEBUG_INFO = INCLUDE_SOURCE;
				MTL_FAST_MATH = YES;
				ONLY_ACTIVE_ARCH = YES;
				SDKROOT = iphoneos;
				SWIFT_ACTIVE_COMPILATION_CONDITIONS = DEBUG;
				SWIFT_OPTIMIZATION_LEVEL = "-Onone";
			};
			name = "Dev-Debug";
		};
		4F5B2C1725EFB8B30033D98E /* Dev-Debug */ = {
			isa = XCBuildConfiguration;
			baseConfigurationReference = 353EFB3D474DAB2763B06290 /* Pods-scaffold.dev-debug.xcconfig */;
			buildSettings = {
				APP_DISPLAY_NAME = "Scaffold-Dev";
				ASSETCATALOG_COMPILER_APPICON_NAME = AppIcon;
				ASSETCATALOG_COMPILER_GLOBAL_ACCENT_COLOR_NAME = AccentColor;
				CODE_SIGN_IDENTITY = "Apple Development: Solute Labs (T4TLLAPN4W)";
				CODE_SIGN_STYLE = Manual;
				DEVELOPMENT_TEAM = 97UE6KTWD9;
				INFOPLIST_FILE = scaffold/Info.plist;
				IPHONEOS_DEPLOYMENT_TARGET = 13.0;
				LD_RUNPATH_SEARCH_PATHS = (
					"$(inherited)",
					"@executable_path/Frameworks",
				);
				PRODUCT_BUNDLE_IDENTIFIER = com.solutelabs.scaffold.dev;
				PRODUCT_NAME = "$(TARGET_NAME)";
				PROVISIONING_PROFILE_SPECIFIER = "iOS Scaffold - Dev - Development";
				SWIFT_VERSION = 5.0;
				TARGETED_DEVICE_FAMILY = "1,2";
			};
			name = "Dev-Debug";
		};
		4F5B2C1825EFB8BE0033D98E /* Dev-Release */ = {
			isa = XCBuildConfiguration;
			baseConfigurationReference = 4F5B2C2225EFB9FC0033D98E /* dev.xcconfig */;
			buildSettings = {
				ALWAYS_SEARCH_USER_PATHS = NO;
				CLANG_ANALYZER_NONNULL = YES;
				CLANG_ANALYZER_NUMBER_OBJECT_CONVERSION = YES_AGGRESSIVE;
				CLANG_CXX_LANGUAGE_STANDARD = "gnu++14";
				CLANG_CXX_LIBRARY = "libc++";
				CLANG_ENABLE_MODULES = YES;
				CLANG_ENABLE_OBJC_ARC = YES;
				CLANG_ENABLE_OBJC_WEAK = YES;
				CLANG_WARN_BLOCK_CAPTURE_AUTORELEASING = YES;
				CLANG_WARN_BOOL_CONVERSION = YES;
				CLANG_WARN_COMMA = YES;
				CLANG_WARN_CONSTANT_CONVERSION = YES;
				CLANG_WARN_DEPRECATED_OBJC_IMPLEMENTATIONS = YES;
				CLANG_WARN_DIRECT_OBJC_ISA_USAGE = YES_ERROR;
				CLANG_WARN_DOCUMENTATION_COMMENTS = YES;
				CLANG_WARN_EMPTY_BODY = YES;
				CLANG_WARN_ENUM_CONVERSION = YES;
				CLANG_WARN_INFINITE_RECURSION = YES;
				CLANG_WARN_INT_CONVERSION = YES;
				CLANG_WARN_NON_LITERAL_NULL_CONVERSION = YES;
				CLANG_WARN_OBJC_IMPLICIT_RETAIN_SELF = YES;
				CLANG_WARN_OBJC_LITERAL_CONVERSION = YES;
				CLANG_WARN_OBJC_ROOT_CLASS = YES_ERROR;
				CLANG_WARN_QUOTED_INCLUDE_IN_FRAMEWORK_HEADER = YES;
				CLANG_WARN_RANGE_LOOP_ANALYSIS = YES;
				CLANG_WARN_STRICT_PROTOTYPES = YES;
				CLANG_WARN_SUSPICIOUS_MOVE = YES;
				CLANG_WARN_UNGUARDED_AVAILABILITY = YES_AGGRESSIVE;
				CLANG_WARN_UNREACHABLE_CODE = YES;
				CLANG_WARN__DUPLICATE_METHOD_MATCH = YES;
				COPY_PHASE_STRIP = NO;
				DEBUG_INFORMATION_FORMAT = "dwarf-with-dsym";
				ENABLE_NS_ASSERTIONS = NO;
				ENABLE_STRICT_OBJC_MSGSEND = YES;
				GCC_C_LANGUAGE_STANDARD = gnu11;
				GCC_NO_COMMON_BLOCKS = YES;
				GCC_WARN_64_TO_32_BIT_CONVERSION = YES;
				GCC_WARN_ABOUT_RETURN_TYPE = YES_ERROR;
				GCC_WARN_UNDECLARED_SELECTOR = YES;
				GCC_WARN_UNINITIALIZED_AUTOS = YES_AGGRESSIVE;
				GCC_WARN_UNUSED_FUNCTION = YES;
				GCC_WARN_UNUSED_VARIABLE = YES;
				IPHONEOS_DEPLOYMENT_TARGET = 14.4;
				MTL_ENABLE_DEBUG_INFO = NO;
				MTL_FAST_MATH = YES;
				SDKROOT = iphoneos;
				SWIFT_COMPILATION_MODE = wholemodule;
				SWIFT_OPTIMIZATION_LEVEL = "-O";
				VALIDATE_PRODUCT = YES;
			};
			name = "Dev-Release";
		};
		4F5B2C1925EFB8BE0033D98E /* Dev-Release */ = {
			isa = XCBuildConfiguration;
			baseConfigurationReference = 98F6AD06FD69BE6C0EAFE883 /* Pods-scaffold.dev-release.xcconfig */;
			buildSettings = {
				APP_DISPLAY_NAME = "Scaffold-Dev";
				ASSETCATALOG_COMPILER_APPICON_NAME = AppIcon;
				ASSETCATALOG_COMPILER_GLOBAL_ACCENT_COLOR_NAME = AccentColor;
				CODE_SIGN_IDENTITY = "Apple Development: Solute Labs (T4TLLAPN4W)";
				CODE_SIGN_STYLE = Manual;
				DEVELOPMENT_TEAM = 97UE6KTWD9;
				INFOPLIST_FILE = scaffold/Info.plist;
				IPHONEOS_DEPLOYMENT_TARGET = 13.0;
				LD_RUNPATH_SEARCH_PATHS = (
					"$(inherited)",
					"@executable_path/Frameworks",
				);
				PRODUCT_BUNDLE_IDENTIFIER = com.solutelabs.scaffold.dev;
				PRODUCT_NAME = "$(TARGET_NAME)";
				PROVISIONING_PROFILE_SPECIFIER = "iOS Scaffold - Dev - Development";
				SWIFT_VERSION = 5.0;
				TARGETED_DEVICE_FAMILY = "1,2";
			};
			name = "Dev-Release";
		};
		4F5B2C1A25EFB8E20033D98E /* Stage-Debug */ = {
			isa = XCBuildConfiguration;
			baseConfigurationReference = 4F5B2C2325EFBA120033D98E /* stage.xcconfig */;
			buildSettings = {
				ALWAYS_SEARCH_USER_PATHS = NO;
				CLANG_ANALYZER_NONNULL = YES;
				CLANG_ANALYZER_NUMBER_OBJECT_CONVERSION = YES_AGGRESSIVE;
				CLANG_CXX_LANGUAGE_STANDARD = "gnu++14";
				CLANG_CXX_LIBRARY = "libc++";
				CLANG_ENABLE_MODULES = YES;
				CLANG_ENABLE_OBJC_ARC = YES;
				CLANG_ENABLE_OBJC_WEAK = YES;
				CLANG_WARN_BLOCK_CAPTURE_AUTORELEASING = YES;
				CLANG_WARN_BOOL_CONVERSION = YES;
				CLANG_WARN_COMMA = YES;
				CLANG_WARN_CONSTANT_CONVERSION = YES;
				CLANG_WARN_DEPRECATED_OBJC_IMPLEMENTATIONS = YES;
				CLANG_WARN_DIRECT_OBJC_ISA_USAGE = YES_ERROR;
				CLANG_WARN_DOCUMENTATION_COMMENTS = YES;
				CLANG_WARN_EMPTY_BODY = YES;
				CLANG_WARN_ENUM_CONVERSION = YES;
				CLANG_WARN_INFINITE_RECURSION = YES;
				CLANG_WARN_INT_CONVERSION = YES;
				CLANG_WARN_NON_LITERAL_NULL_CONVERSION = YES;
				CLANG_WARN_OBJC_IMPLICIT_RETAIN_SELF = YES;
				CLANG_WARN_OBJC_LITERAL_CONVERSION = YES;
				CLANG_WARN_OBJC_ROOT_CLASS = YES_ERROR;
				CLANG_WARN_QUOTED_INCLUDE_IN_FRAMEWORK_HEADER = YES;
				CLANG_WARN_RANGE_LOOP_ANALYSIS = YES;
				CLANG_WARN_STRICT_PROTOTYPES = YES;
				CLANG_WARN_SUSPICIOUS_MOVE = YES;
				CLANG_WARN_UNGUARDED_AVAILABILITY = YES_AGGRESSIVE;
				CLANG_WARN_UNREACHABLE_CODE = YES;
				CLANG_WARN__DUPLICATE_METHOD_MATCH = YES;
				COPY_PHASE_STRIP = NO;
				DEBUG_INFORMATION_FORMAT = dwarf;
				ENABLE_STRICT_OBJC_MSGSEND = YES;
				ENABLE_TESTABILITY = YES;
				GCC_C_LANGUAGE_STANDARD = gnu11;
				GCC_DYNAMIC_NO_PIC = NO;
				GCC_NO_COMMON_BLOCKS = YES;
				GCC_OPTIMIZATION_LEVEL = 0;
				GCC_PREPROCESSOR_DEFINITIONS = (
					"DEBUG=1",
					"$(inherited)",
				);
				GCC_WARN_64_TO_32_BIT_CONVERSION = YES;
				GCC_WARN_ABOUT_RETURN_TYPE = YES_ERROR;
				GCC_WARN_UNDECLARED_SELECTOR = YES;
				GCC_WARN_UNINITIALIZED_AUTOS = YES_AGGRESSIVE;
				GCC_WARN_UNUSED_FUNCTION = YES;
				GCC_WARN_UNUSED_VARIABLE = YES;
				IPHONEOS_DEPLOYMENT_TARGET = 14.4;
				MTL_ENABLE_DEBUG_INFO = INCLUDE_SOURCE;
				MTL_FAST_MATH = YES;
				ONLY_ACTIVE_ARCH = YES;
				SDKROOT = iphoneos;
				SWIFT_ACTIVE_COMPILATION_CONDITIONS = DEBUG;
				SWIFT_OPTIMIZATION_LEVEL = "-Onone";
			};
			name = "Stage-Debug";
		};
		4F5B2C1B25EFB8E20033D98E /* Stage-Debug */ = {
			isa = XCBuildConfiguration;
			baseConfigurationReference = 53F1B91A21ECB5EBC19181D0 /* Pods-scaffold.stage-debug.xcconfig */;
			buildSettings = {
				APP_DISPLAY_NAME = "Scaffold-Stage";
				ASSETCATALOG_COMPILER_APPICON_NAME = AppIcon;
				ASSETCATALOG_COMPILER_GLOBAL_ACCENT_COLOR_NAME = AccentColor;
				CODE_SIGN_STYLE = Automatic;
				INFOPLIST_FILE = scaffold/Info.plist;
				IPHONEOS_DEPLOYMENT_TARGET = 13.0;
				LD_RUNPATH_SEARCH_PATHS = (
					"$(inherited)",
					"@executable_path/Frameworks",
				);
				PRODUCT_BUNDLE_IDENTIFIER = com.solutelabs.scaffold.stage;
				PRODUCT_NAME = "$(TARGET_NAME)";
				SWIFT_VERSION = 5.0;
				TARGETED_DEVICE_FAMILY = "1,2";
			};
			name = "Stage-Debug";
		};
		4F5B2C1C25EFB8EA0033D98E /* Stage-Release */ = {
			isa = XCBuildConfiguration;
			baseConfigurationReference = 4F5B2C2325EFBA120033D98E /* stage.xcconfig */;
			buildSettings = {
				ALWAYS_SEARCH_USER_PATHS = NO;
				CLANG_ANALYZER_NONNULL = YES;
				CLANG_ANALYZER_NUMBER_OBJECT_CONVERSION = YES_AGGRESSIVE;
				CLANG_CXX_LANGUAGE_STANDARD = "gnu++14";
				CLANG_CXX_LIBRARY = "libc++";
				CLANG_ENABLE_MODULES = YES;
				CLANG_ENABLE_OBJC_ARC = YES;
				CLANG_ENABLE_OBJC_WEAK = YES;
				CLANG_WARN_BLOCK_CAPTURE_AUTORELEASING = YES;
				CLANG_WARN_BOOL_CONVERSION = YES;
				CLANG_WARN_COMMA = YES;
				CLANG_WARN_CONSTANT_CONVERSION = YES;
				CLANG_WARN_DEPRECATED_OBJC_IMPLEMENTATIONS = YES;
				CLANG_WARN_DIRECT_OBJC_ISA_USAGE = YES_ERROR;
				CLANG_WARN_DOCUMENTATION_COMMENTS = YES;
				CLANG_WARN_EMPTY_BODY = YES;
				CLANG_WARN_ENUM_CONVERSION = YES;
				CLANG_WARN_INFINITE_RECURSION = YES;
				CLANG_WARN_INT_CONVERSION = YES;
				CLANG_WARN_NON_LITERAL_NULL_CONVERSION = YES;
				CLANG_WARN_OBJC_IMPLICIT_RETAIN_SELF = YES;
				CLANG_WARN_OBJC_LITERAL_CONVERSION = YES;
				CLANG_WARN_OBJC_ROOT_CLASS = YES_ERROR;
				CLANG_WARN_QUOTED_INCLUDE_IN_FRAMEWORK_HEADER = YES;
				CLANG_WARN_RANGE_LOOP_ANALYSIS = YES;
				CLANG_WARN_STRICT_PROTOTYPES = YES;
				CLANG_WARN_SUSPICIOUS_MOVE = YES;
				CLANG_WARN_UNGUARDED_AVAILABILITY = YES_AGGRESSIVE;
				CLANG_WARN_UNREACHABLE_CODE = YES;
				CLANG_WARN__DUPLICATE_METHOD_MATCH = YES;
				COPY_PHASE_STRIP = NO;
				DEBUG_INFORMATION_FORMAT = "dwarf-with-dsym";
				ENABLE_NS_ASSERTIONS = NO;
				ENABLE_STRICT_OBJC_MSGSEND = YES;
				GCC_C_LANGUAGE_STANDARD = gnu11;
				GCC_NO_COMMON_BLOCKS = YES;
				GCC_WARN_64_TO_32_BIT_CONVERSION = YES;
				GCC_WARN_ABOUT_RETURN_TYPE = YES_ERROR;
				GCC_WARN_UNDECLARED_SELECTOR = YES;
				GCC_WARN_UNINITIALIZED_AUTOS = YES_AGGRESSIVE;
				GCC_WARN_UNUSED_FUNCTION = YES;
				GCC_WARN_UNUSED_VARIABLE = YES;
				IPHONEOS_DEPLOYMENT_TARGET = 14.4;
				MTL_ENABLE_DEBUG_INFO = NO;
				MTL_FAST_MATH = YES;
				SDKROOT = iphoneos;
				SWIFT_COMPILATION_MODE = wholemodule;
				SWIFT_OPTIMIZATION_LEVEL = "-O";
				VALIDATE_PRODUCT = YES;
			};
			name = "Stage-Release";
		};
		4F5B2C1D25EFB8EA0033D98E /* Stage-Release */ = {
			isa = XCBuildConfiguration;
			baseConfigurationReference = 87F2D0DAD631DEA4C7C354E3 /* Pods-scaffold.stage-release.xcconfig */;
			buildSettings = {
				APP_DISPLAY_NAME = "Scaffold-Stage";
				ASSETCATALOG_COMPILER_APPICON_NAME = AppIcon;
				ASSETCATALOG_COMPILER_GLOBAL_ACCENT_COLOR_NAME = AccentColor;
				CODE_SIGN_STYLE = Automatic;
				INFOPLIST_FILE = scaffold/Info.plist;
				IPHONEOS_DEPLOYMENT_TARGET = 13.0;
				LD_RUNPATH_SEARCH_PATHS = (
					"$(inherited)",
					"@executable_path/Frameworks",
				);
				PRODUCT_BUNDLE_IDENTIFIER = com.solutelabs.scaffold.stage;
				PRODUCT_NAME = "$(TARGET_NAME)";
				SWIFT_VERSION = 5.0;
				TARGETED_DEVICE_FAMILY = "1,2";
			};
			name = "Stage-Release";
		};
/* End XCBuildConfiguration section */

/* Begin XCConfigurationList section */
		4F322D8625EF90C300C95DE6 /* Build configuration list for PBXProject "scaffold" */ = {
			isa = XCConfigurationList;
			buildConfigurations = (
				4F322D9D25EF90C600C95DE6 /* Debug */,
				4F5B2C1A25EFB8E20033D98E /* Stage-Debug */,
				4F5B2C1625EFB8B30033D98E /* Dev-Debug */,
				4F322D9E25EF90C600C95DE6 /* Release */,
				4F5B2C1C25EFB8EA0033D98E /* Stage-Release */,
				4F5B2C1825EFB8BE0033D98E /* Dev-Release */,
			);
			defaultConfigurationIsVisible = 0;
			defaultConfigurationName = Release;
		};
		4F322D9F25EF90C600C95DE6 /* Build configuration list for PBXNativeTarget "scaffold" */ = {
			isa = XCConfigurationList;
			buildConfigurations = (
				4F322DA025EF90C600C95DE6 /* Debug */,
				4F5B2C1B25EFB8E20033D98E /* Stage-Debug */,
				4F5B2C1725EFB8B30033D98E /* Dev-Debug */,
				4F322DA125EF90C600C95DE6 /* Release */,
				4F5B2C1D25EFB8EA0033D98E /* Stage-Release */,
				4F5B2C1925EFB8BE0033D98E /* Dev-Release */,
			);
			defaultConfigurationIsVisible = 0;
			defaultConfigurationName = Release;
		};
/* End XCConfigurationList section */
	};
	rootObject = 4F322D8325EF90C300C95DE6 /* Project object */;
}
